{
  "requires": true,
  "lockfileVersion": 1,
  "dependencies": {
    "arch": {
      "version": "2.1.2",
      "resolved": "https://registry.npmjs.org/arch/-/arch-2.1.2.tgz",
      "integrity": "sha512-NTBIIbAfkJeIletyABbVtdPgeKfDafR+1mZV/AyyfC1UkVkp9iUjV+wwmqtUgphHYajbI86jejBJp5e+jkGTiQ=="
    },
    "debug": {
      "version": "4.2.0",
      "resolved": "https://registry.npmjs.org/debug/-/debug-4.2.0.tgz",
      "integrity": "sha512-IX2ncY78vDTjZMFUdmsvIRFY2Cf4FnD0wRs+nQwJU8Lu99/tPFdb0VybiiMTPe3I6rQmwsqQqRBvxU+bZ/I8sg==",
      "requires": {
        "ms": "2.1.2"
      }
    },
    "image-downloader": {
      "version": "4.0.1",
      "resolved": "https://registry.npmjs.org/image-downloader/-/image-downloader-4.0.1.tgz",
      "integrity": "sha512-VfjlMHx1DDPN27x6IC15+6oejeG0A1S955r7oF4rsxqAh8+ygJ3avK8yi8pJztz5qir/x1dFV+eCIy3155byhg=="
    },
    "ms": {
      "version": "2.1.2",
      "resolved": "https://registry.npmjs.org/ms/-/ms-2.1.2.tgz",
      "integrity": "sha512-sGkPx+VjMtmA6MX27oA4FBFELFCZZ4S4XqeGOXCv68tT+jb3vk/RyaKWP0PTKyWtmLSM0b+adUTEvbs1PEaH2w=="
    },
    "node-adodb": {
      "version": "5.0.3",
      "resolved": "https://registry.npmjs.org/node-adodb/-/node-adodb-5.0.3.tgz",
      "integrity": "sha512-xQnoe7mx3b7B0QeW6visiQ2VxlX6rYaol20Ka5jZVKcetxOsXM4lsxfEZDmlOOoVJq/6BeoqPJHm3aZ4vjY+Bg==",
      "requires": {
        "arch": "^2.1.1",
        "debug": "^4.1.1"
      }
    },
    "node-fetch": {
      "version": "2.6.1",
      "resolved": "https://registry.npmjs.org/node-fetch/-/node-fetch-2.6.1.tgz",
      "integrity": "sha512-V4aYg89jEoVRxRb2fJdAg8FHvI7cEyYdVAh94HH0UIK8oJxUfkjlDQN9RbMx+bEjP7+ggMiFRprSti032Oipxw=="
    }
  }
}
